schema: '2.0'
stages:
  setup:
    cmd: python -m export
    deps:
    - path: export.py
      hash: md5
      md5: 22b083825291395d2964e9b92e08536b
      size: 3846
    - path: model.py
      hash: md5
      md5: fda642aa201ec09141c2f85a845b0729
      size: 20176
    params:
      params.yaml:
        export:
          opset_version: 14
          do_constant_folding: true
        model:
          num_heads: 1
          num_layers: 1
          bias: true
          emb_dim: 8
          mlp_dim: 32
          seq_len: 32
          bits: 4
          norm: none
          mask: none
        seed: 12
    outs:
    - path: attention.onnx
      hash: md5
      md5: 2a08a69134138a28feb42678965284de
      size: 38801
    - path: inp.npy
      hash: md5
      md5: 3aff9fda4ce8caf6268018b81573c1db
      size: 1152
    - path: out.npy
      hash: md5
      md5: 3a26ce1a07e992ad430beb1676fd1d39
      size: 1152
  build:
    cmd: bash run.sh '$FINN/run-docker.sh build_custom $(pwd)'
    deps:
    - path: attention.onnx
      hash: md5
      md5: 2a08a69134138a28feb42678965284de
      size: 38801
    - path: build.py
      hash: md5
      md5: 6e11e7eec6dac707b1c29d45ddad5a84
      size: 5793
    - path: build_steps.py
      hash: md5
      md5: 77339ba589e49aede897932da7fb19a2
      size: 13120
    - path: inp.npy
      hash: md5
      md5: 3aff9fda4ce8caf6268018b81573c1db
      size: 1152
    - path: noctua.sh
      hash: md5
      md5: f3e8cc342b63cddcd2e07bfe63f6518c
      size: 1832
    - path: out.npy
      hash: md5
      md5: 3a26ce1a07e992ad430beb1676fd1d39
      size: 1152
    - path: run.sh
      hash: md5
      md5: 6e3e34149c16795c5a8424a51bdbf5f8
      size: 1616
    params:
      params.yaml:
        build:
          output_dir: build
          synth_clk_period_ns: 10.0
          board: RFSoC2x2
          shell_flow_type: vivado_zynq
          folding_config_file: folding.json
          specialize_layers_config_file: specialize_layers.json
          standalone_thresholds: true
      folding.json:
        AddStreams_hls_0:
          inFIFODepths:
          - 1024
          - 1024
          PE: 1
        AddStreams_hls_1:
          inFIFODepths:
          - 1024
          - 1024
          PE: 1
        Defaults:
          inFIFODepths:
          - - 2
            - 2
            - 2
            - 2
          - all
          outFIFODepths:
          - - 2
            - 2
            - 2
            - 2
          - all
          SIMD:
          - 2
          - - MVAU_hls
            - MVAU_rtl
          PE:
          - 4
          - - MVAU_hls
            - MVAU_rtl
          ram_style:
          - auto
          - - StreamingFIFO_hls
            - StreamingFIFO_rtl
            - MVAU_hls
            - MVAU_rtl
        ScaledDotProductAttention_hls_0:
          inFIFODepths:
          - 32
          - 32
          - 32
          SeqFold: 32
          EmbFold: 1
        Thresholding_rtl_0:
          PE: 1
        Thresholding_rtl_1:
          PE: 1
        Thresholding_rtl_2:
          PE: 1
        Thresholding_rtl_3:
          PE: 1
        Thresholding_rtl_4:
          PE: 1
        Thresholding_rtl_5:
          PE: 1
        Thresholding_rtl_6:
          PE: 1
        Thresholding_rtl_7:
          PE: 1
        Thresholding_rtl_8:
          PE: 1
    outs:
    - path: build/
      hash: md5
      md5: 1a92d1a67e17fed9fb870453efdd5fde.dir
      size: 93359079
      nfiles: 997
  metrics:
    cmd: python -m metrics
    deps:
    - path: build/
      hash: md5
      md5: 1a92d1a67e17fed9fb870453efdd5fde.dir
      size: 93359079
      nfiles: 997
    - path: build/report/post_synth_resources.json
      hash: md5
      md5: 1c9135b52fa348b7864eb36692483133
      size: 14123
    - path: metrics.py
      hash: md5
      md5: 027dcb70a77c34f84948bc3d5ee2107f
      size: 932
    params:
      params.yaml:
        build.output_dir: build
        metrics:
          report: build/report/post_synth_resources.json
          filter: (top)
    outs:
    - path: metrics.yaml
      hash: md5
      md5: 15b820c15e0ae3427e26e24c2edd65f6
      size: 71
  folding:
    cmd: python -m make_folding
    deps:
    - path: make_folding.py
      hash: md5
      md5: 7139b86d69d13939760fe7e4005c964b
      size: 7511
    params:
      params.yaml:
        build:
          output_dir: build
          synth_clk_period_ns: 10.0
          board: RFSoC2x2
          shell_flow_type: vivado_zynq
          folding_config_file: folding.json
          specialize_layers_config_file: specialize_layers.json
          standalone_thresholds: true
        model:
          num_heads: 1
          num_layers: 1
          bias: true
          emb_dim: 8
          mlp_dim: 32
          seq_len: 32
          bits: 4
          norm: none
          mask: none
    outs:
    - path: folding.json
      hash: md5
      md5: f9586c39e33cbafc4a0ed4ce47e39d02
      size: 775
