schema: '2.0'
stages:
  setup:
    cmd: python -m export
    deps:
    - path: export.py
      hash: md5
      md5: 675937e022f40f1fffd2154bcb6fd985
      size: 3952
    - path: model.py
      hash: md5
      md5: 896fe02e3d22eb76b10d8f33547db4da
      size: 27040
    params:
      params.yaml:
        export:
          opset_version: 14
          do_constant_folding: true
        model:
          num_heads: 1
          num_layers: 1
          bias: true
          emb_dim: 8
          mlp_dim: 32
          seq_len: 32
          bits: 4
          norm: none
          mask: none
          positional_encoding: binary
        seed: 12
    outs:
    - path: attention.onnx
      hash: md5
      md5: 2a08a69134138a28feb42678965284de
      size: 38801
    - path: inp.npy
      hash: md5
      md5: 3aff9fda4ce8caf6268018b81573c1db
      size: 1152
    - path: out.npy
      hash: md5
      md5: 3a26ce1a07e992ad430beb1676fd1d39
      size: 1152
  build:
    cmd: bash run.sh '$FINN/run-docker.sh build_custom $(pwd)'
    deps:
    - path: attention.onnx
      hash: md5
      md5: 2a08a69134138a28feb42678965284de
      size: 38801
    - path: build.py
      hash: md5
      md5: f2209f288881b73eeb990cab0b9f60eb
      size: 6582
    - path: build_steps.py
      hash: md5
      md5: aab02d9372cd37fc43dd88aa8dde9cde
      size: 27450
    - path: inp.npy
      hash: md5
      md5: 3aff9fda4ce8caf6268018b81573c1db
      size: 1152
    - path: noctua.sh
      hash: md5
      md5: f3e8cc342b63cddcd2e07bfe63f6518c
      size: 1832
    - path: out.npy
      hash: md5
      md5: 3a26ce1a07e992ad430beb1676fd1d39
      size: 1152
    - path: run.sh
      hash: md5
      md5: 6e3e34149c16795c5a8424a51bdbf5f8
      size: 1616
    params:
      params.yaml:
        build:
          output_dir: build
          stitched_ip_gen_dcp: false
          synth_clk_period_ns: 10.0
          board: RFSoC2x2
          shell_flow_type: vivado_zynq
          folding_config_file: folding.yaml
          specialize_layers_config_file: specialize_layers.json
          standalone_thresholds: true
          max_multithreshold_bit_width: 8
          mvau_wwidth_max: 36
        model.emb_dim: 8
        model.seq_len: 32
        seed: 12
      folding.yaml:
        defaults:
          MVAU_hls:
            resType: auto
            mem_mode: internal_decoupled
            ram_style: auto
            ram_style_thresholds: auto
          MVAU_rtl:
            resType: dsp
            mem_mode: internal_decoupled
            ram_style: auto
          Thresholding_hls:
            mem_mode: internal_decoupled
            ram_style: distributed
          Thresholding_rtl: {}
          StreamingFIFO_rtl:
            impl_style: rtl
            ram_style: auto
      specialize_layers.json:
        '':
          preferred_impl_style: ''
        Defaults:
          preferred_impl_style:
          - rtl
          - - MVAU
            - Thresholding
    outs:
    - path: build/
      hash: md5
      md5: c12225dcaa20f6888a4ddb3fad18b16a.dir
      size: 92018125
      nfiles: 911
  metrics:
    cmd: python -m metrics
    deps:
    - path: build/
      hash: md5
      md5: c12225dcaa20f6888a4ddb3fad18b16a.dir
      size: 92018125
      nfiles: 911
    - path: build/report/post_synth_resources.json
      hash: md5
      md5: 352e5526f2653bfb70724be4935b115a
      size: 12321
    - path: metrics.py
      hash: md5
      md5: 027dcb70a77c34f84948bc3d5ee2107f
      size: 932
    params:
      params.yaml:
        build.output_dir: build
        metrics:
          report: build/report/post_synth_resources.json
          filter: (top)
    outs:
    - path: metrics.yaml
      hash: md5
      md5: 20313d02c8cc85882c7b52b200452350
      size: 71
  folding:
    cmd: python -m make_folding
    deps:
    - path: make_folding.py
      hash: md5
      md5: 109abe8be2208a83b6a75402a7724a55
      size: 1282
    params:
      params.yaml:
        build:
          output_dir: build
          stitched_ip_gen_dcp: false
          synth_clk_period_ns: 10.0
          board: RFSoC2x2
          shell_flow_type: vivado_zynq
          folding_config_file: folding.json
          specialize_layers_config_file: specialize_layers.json
          standalone_thresholds: true
        model:
          num_heads: 1
          num_layers: 1
          bias: true
          emb_dim: 8
          mlp_dim: 32
          seq_len: 32
          bits: 4
          norm: none
          mask: none
          positional_encoding: binary
    outs:
    - path: folding.json
      hash: md5
      md5: 06ee08cf2900925414fe100e2f3cdb80
      size: 105
