schema: '2.0'
stages:
  setup:
    cmd: python -m attention
    deps:
    - path: attention.py
      hash: md5
      md5: dce88590604ce5f9c0dcf772573ce24f
      size: 12911
    params:
      params.yaml:
        model:
          num_heads: 8
          num_layers: 2
          bias: true
          emb_dim: 64
          mlp_dim: 256
          seq_len: 32
          bits: 4
          mask: none
    outs:
    - path: attention.onnx
      hash: md5
      md5: bca624b53424a3f5ef9824f870b21d05
      size: 442836
    - path: inp.npy
      hash: md5
      md5: 1c9446bbb54871a42700ec019a82c559
      size: 8320
    - path: out.npy
      hash: md5
      md5: 3c204863e2c1a4fbedd1b79c8c2c0b84
      size: 8320
  build:
    cmd: $FINN/run-docker.sh build_custom $(pwd)
    deps:
    - path: attention.onnx
      hash: md5
      md5: bca624b53424a3f5ef9824f870b21d05
      size: 442836
    - path: build.py
      hash: md5
      md5: 5f5ccafb7855e5404a88e551227bd447
      size: 5350
    - path: build_steps.py
      hash: md5
      md5: c89692c5389f5002596cf9d23adf0c5d
      size: 7218
    - path: folding.json
      hash: md5
      md5: 69abaa9f0fb7000dc17044091f877290
      size: 3593
    - path: inp.npy
      hash: md5
      md5: 1c9446bbb54871a42700ec019a82c559
      size: 8320
    - path: out.npy
      hash: md5
      md5: 3c204863e2c1a4fbedd1b79c8c2c0b84
      size: 8320
    - path: transformation/
      hash: md5
      md5: 11ff69717f962a6b68e182ed57e823e8.dir
      size: 121892
      nfiles: 14
    params:
      params.yaml:
        build:
          output_dir: build
          synth_clk_period_ns: 10.0
          board: RFSoC2x2
          folding_config_file: folding.json
    outs:
    - path: build/
      hash: md5
      md5: 0be3a5a97887a711b19370f5080a590c.dir
      size: 138922231
      nfiles: 4323
  metrics:
    cmd: python -m metrics
    deps:
    - path: build/
      hash: md5
      md5: 0be3a5a97887a711b19370f5080a590c.dir
      size: 138922231
      nfiles: 4323
    - path: build/report/post_synth_resources.json
      hash: md5
      md5: 421a47b64e48eb54d529ff50f350fdbd
      size: 26900
    - path: metrics.py
      hash: md5
      md5: 027dcb70a77c34f84948bc3d5ee2107f
      size: 932
    params:
      params.yaml:
        build.output_dir: build
        metrics:
          report: build/report/post_synth_resources.json
          filter: (top)
    outs:
    - path: metrics.yaml
      hash: md5
      md5: b69cc81857f898f5943f815df18b5383
      size: 78
